
Microsoft Visual Studio Solution File, Format Version 12.00
# Visual Studio Version 16
VisualStudioVersion = 16.0.29613.14
MinimumVisualStudioVersion = 10.0.40219.1
Project("{FAE04EC0-301F-11D3-BF4B-00C04F79EFBC}") = "Bulk", "Bulk\Bulk.csproj", "{B3B0D75C-1558-4036-B1AE-B03CB4D63492}"
EndProject
Global
	GlobalSection(SolutionConfigurationPlatforms) = preSolution
		Debug|Any CPU = Debug|Any CPU
		Release|Any CPU = Release|Any CPU
	EndGlobalSection
	GlobalSection(ProjectConfigurationPlatforms) = postSolution
		{B3B0D75C-1558-4036-B1AE-B03CB4D63492}.Debug|Any CPU.ActiveCfg = Debug|Any CPU
		{B3B0D75C-1558-4036-B1AE-B03CB4D63492}.Debug|Any CPU.Build.0 = Debug|Any CPU
		{B3B0D75C-1558-4036-B1AE-B03CB4D63492}.Release|Any CPU.ActiveCfg = Release|Any CPU
		{B3B0D75C-1558-4036-B1AE-B03CB4D63492}.Release|Any CPU.Build.0 = Release|Any CPU
	EndGlobalSection
	GlobalSection(SolutionProperties) = preSolution
		HideSolutionNode = FALSE
	EndGlobalSection
	GlobalSection(ExtensibilityGlobals) = postSolution
		SolutionGuid = {EFA9A28D-DFC9-469D-A25A-30BA3143D73A}
	EndGlobalSection
EndGlobal
